# This file is automatically @generated by Cargo.
# It is not intended for manual editing.
version = 3

[[package]]
name = "atcoder"
version = "0.1.0"
dependencies = [
 "proconio",
]

[[package]]
name = "once_cell"
version = "1.14.0"
source = "registry+https://github.com/rust-lang/crates.io-index"
checksum = "2f7254b99e31cad77da24b08ebf628882739a608578bb1bcdfc1f9c21260d7c0"

[[package]]
name = "proconio"
version = "0.4.4"
source = "registry+https://github.com/rust-lang/crates.io-index"
checksum = "21578baf952f9aabd1bd25f5fa6c4f1f48dd6d61491ba52411ef599781d91fe2"
dependencies = [
 "once_cell",
]
